// !$*UTF8*$!
{
	archiveVersion = 1;
	classes = {
	};
	objectVersion = 50;
	objects = {

/* Begin PBXBuildFile section */
		B359ECB2218A8BAB00249E9F /* BaseTabBarController.swift in Sources */ = {isa = PBXBuildFile; fileRef = B359ECB1218A8BAB00249E9F /* BaseTabBarController.swift */; };
		B359ECB4218A8BC000249E9F /* BaseNavigationController.swift in Sources */ = {isa = PBXBuildFile; fileRef = B359ECB3218A8BC000249E9F /* BaseNavigationController.swift */; };
		B359ECBA218A8D9300249E9F /* BaseViewController.swift in Sources */ = {isa = PBXBuildFile; fileRef = B359ECB9218A8D9300249E9F /* BaseViewController.swift */; };
		B359ECBC218A8DD000249E9F /* ConversationListController.swift in Sources */ = {isa = PBXBuildFile; fileRef = B359ECBB218A8DD000249E9F /* ConversationListController.swift */; };
		B359ECBE218A8DEB00249E9F /* AddressBookViewController.swift in Sources */ = {isa = PBXBuildFile; fileRef = B359ECBD218A8DEB00249E9F /* AddressBookViewController.swift */; };
		B359ECC0218A8DF200249E9F /* LookViewController.swift in Sources */ = {isa = PBXBuildFile; fileRef = B359ECBF218A8DF200249E9F /* LookViewController.swift */; };
		B359ECC2218A8DF900249E9F /* MyViewController.swift in Sources */ = {isa = PBXBuildFile; fileRef = B359ECC1218A8DF900249E9F /* MyViewController.swift */; };
		B359ECCA218AA6C800249E9F /* RequestNet.swift in Sources */ = {isa = PBXBuildFile; fileRef = B359ECC9218AA6C800249E9F /* RequestNet.swift */; };
		B359ECCE218AA7E400249E9F /* Macro.swift in Sources */ = {isa = PBXBuildFile; fileRef = B359ECCD218AA7E400249E9F /* Macro.swift */; };
		B359ECD0218AACEE00249E9F /* Helper.swift in Sources */ = {isa = PBXBuildFile; fileRef = B359ECCF218AACEE00249E9F /* Helper.swift */; };
		B38B81822189499C00FA8D9A /* AppDelegate.swift in Sources */ = {isa = PBXBuildFile; fileRef = B38B81812189499C00FA8D9A /* AppDelegate.swift */; };
		B38B81892189499F00FA8D9A /* Assets.xcassets in Resources */ = {isa = PBXBuildFile; fileRef = B38B81882189499F00FA8D9A /* Assets.xcassets */; };
		B38B818C2189499F00FA8D9A /* LaunchScreen.storyboard in Resources */ = {isa = PBXBuildFile; fileRef = B38B818A2189499F00FA8D9A /* LaunchScreen.storyboard */; };
		B38B81972189499F00FA8D9A /* HeadLinesTests.swift in Sources */ = {isa = PBXBuildFile; fileRef = B38B81962189499F00FA8D9A /* HeadLinesTests.swift */; };
		B38B81A22189499F00FA8D9A /* HeadLinesUITests.swift in Sources */ = {isa = PBXBuildFile; fileRef = B38B81A12189499F00FA8D9A /* HeadLinesUITests.swift */; };
		E842505D4DC8F9B9B21AC32A /* Pods_HeadLines.framework in Frameworks */ = {isa = PBXBuildFile; fileRef = EC73ED20EFFF80CE83F31C71 /* Pods_HeadLines.framework */; };
/* End PBXBuildFile section */

/* Begin PBXContainerItemProxy section */
		B38B81932189499F00FA8D9A /* PBXContainerItemProxy */ = {
			isa = PBXContainerItemProxy;
			containerPortal = B38B81762189499C00FA8D9A /* Project object */;
			proxyType = 1;
			remoteGlobalIDString = B38B817D2189499C00FA8D9A;
			remoteInfo = HeadLines;
		};
		B38B819E2189499F00FA8D9A /* PBXContainerItemProxy */ = {
			isa = PBXContainerItemProxy;
			containerPortal = B38B81762189499C00FA8D9A /* Project object */;
			proxyType = 1;
			remoteGlobalIDString = B38B817D2189499C00FA8D9A;
			remoteInfo = HeadLines;
		};
/* End PBXContainerItemProxy section */

/* Begin PBXFileReference section */
		370080669073B617E6BA51B8 /* Pods-HeadLines.debug.xcconfig */ = {isa = PBXFileReference; includeInIndex = 1; lastKnownFileType = text.xcconfig; name = "Pods-HeadLines.debug.xcconfig"; path = "Target Support Files/Pods-HeadLines/Pods-HeadLines.debug.xcconfig"; sourceTree = "<group>"; };
		65446336931D1D77297E560D /* Pods_HeadLinesUITests.framework */ = {isa = PBXFileReference; explicitFileType = wrapper.framework; includeInIndex = 0; path = Pods_HeadLinesUITests.framework; sourceTree = BUILT_PRODUCTS_DIR; };
		929ACF48D4FA5314CC39647C /* Pods_HeadLinesTests.framework */ = {isa = PBXFileReference; explicitFileType = wrapper.framework; includeInIndex = 0; path = Pods_HeadLinesTests.framework; sourceTree = BUILT_PRODUCTS_DIR; };
		B359ECB1218A8BAB00249E9F /* BaseTabBarController.swift */ = {isa = PBXFileReference; lastKnownFileType = sourcecode.swift; path = BaseTabBarController.swift; sourceTree = "<group>"; };
		B359ECB3218A8BC000249E9F /* BaseNavigationController.swift */ = {isa = PBXFileReference; lastKnownFileType = sourcecode.swift; path = BaseNavigationController.swift; sourceTree = "<group>"; };
		B359ECB9218A8D9300249E9F /* BaseViewController.swift */ = {isa = PBXFileReference; lastKnownFileType = sourcecode.swift; path = BaseViewController.swift; sourceTree = "<group>"; };
		B359ECBB218A8DD000249E9F /* ConversationListController.swift */ = {isa = PBXFileReference; lastKnownFileType = sourcecode.swift; path = ConversationListController.swift; sourceTree = "<group>"; };
		B359ECBD218A8DEB00249E9F /* AddressBookViewController.swift */ = {isa = PBXFileReference; lastKnownFileType = sourcecode.swift; path = AddressBookViewController.swift; sourceTree = "<group>"; };
		B359ECBF218A8DF200249E9F /* LookViewController.swift */ = {isa = PBXFileReference; lastKnownFileType = sourcecode.swift; path = LookViewController.swift; sourceTree = "<group>"; };
		B359ECC1218A8DF900249E9F /* MyViewController.swift */ = {isa = PBXFileReference; lastKnownFileType = sourcecode.swift; path = MyViewController.swift; sourceTree = "<group>"; };
		B359ECC9218AA6C800249E9F /* RequestNet.swift */ = {isa = PBXFileReference; lastKnownFileType = sourcecode.swift; path = RequestNet.swift; sourceTree = "<group>"; };
		B359ECCD218AA7E400249E9F /* Macro.swift */ = {isa = PBXFileReference; lastKnownFileType = sourcecode.swift; path = Macro.swift; sourceTree = "<group>"; };
		B359ECCF218AACEE00249E9F /* Helper.swift */ = {isa = PBXFileReference; lastKnownFileType = sourcecode.swift; path = Helper.swift; sourceTree = "<group>"; };
		B38B817E2189499C00FA8D9A /* HeadLines.app */ = {isa = PBXFileReference; explicitFileType = wrapper.application; includeInIndex = 0; path = HeadLines.app; sourceTree = BUILT_PRODUCTS_DIR; };
		B38B81812189499C00FA8D9A /* AppDelegate.swift */ = {isa = PBXFileReference; lastKnownFileType = sourcecode.swift; path = AppDelegate.swift; sourceTree = "<group>"; };
		B38B81882189499F00FA8D9A /* Assets.xcassets */ = {isa = PBXFileReference; lastKnownFileType = folder.assetcatalog; path = Assets.xcassets; sourceTree = "<group>"; };
		B38B818B2189499F00FA8D9A /* Base */ = {isa = PBXFileReference; lastKnownFileType = file.storyboard; name = Base; path = Base.lproj/LaunchScreen.storyboard; sourceTree = "<group>"; };
		B38B818D2189499F00FA8D9A /* Info.plist */ = {isa = PBXFileReference; lastKnownFileType = text.plist.xml; path = Info.plist; sourceTree = "<group>"; };
		B38B81922189499F00FA8D9A /* HeadLinesTests.xctest */ = {isa = PBXFileReference; explicitFileType = wrapper.cfbundle; includeInIndex = 0; path = HeadLinesTests.xctest; sourceTree = BUILT_PRODUCTS_DIR; };
		B38B81962189499F00FA8D9A /* HeadLinesTests.swift */ = {isa = PBXFileReference; lastKnownFileType = sourcecode.swift; path = HeadLinesTests.swift; sourceTree = "<group>"; };
		B38B81982189499F00FA8D9A /* Info.plist */ = {isa = PBXFileReference; lastKnownFileType = text.plist.xml; path = Info.plist; sourceTree = "<group>"; };
		B38B819D2189499F00FA8D9A /* HeadLinesUITests.xctest */ = {isa = PBXFileReference; explicitFileType = wrapper.cfbundle; includeInIndex = 0; path = HeadLinesUITests.xctest; sourceTree = BUILT_PRODUCTS_DIR; };
		B38B81A12189499F00FA8D9A /* HeadLinesUITests.swift */ = {isa = PBXFileReference; lastKnownFileType = sourcecode.swift; path = HeadLinesUITests.swift; sourceTree = "<group>"; };
		B38B81A32189499F00FA8D9A /* Info.plist */ = {isa = PBXFileReference; lastKnownFileType = text.plist.xml; path = Info.plist; sourceTree = "<group>"; };
		CAFB31BE5739572650A4C428 /* Pods-HeadLines.release.xcconfig */ = {isa = PBXFileReference; includeInIndex = 1; lastKnownFileType = text.xcconfig; name = "Pods-HeadLines.release.xcconfig"; path = "Target Support Files/Pods-HeadLines/Pods-HeadLines.release.xcconfig"; sourceTree = "<group>"; };
		EC73ED20EFFF80CE83F31C71 /* Pods_HeadLines.framework */ = {isa = PBXFileReference; explicitFileType = wrapper.framework; includeInIndex = 0; path = Pods_HeadLines.framework; sourceTree = BUILT_PRODUCTS_DIR; };
/* End PBXFileReference section */

/* Begin PBXFrameworksBuildPhase section */
		B38B817B2189499C00FA8D9A /* Frameworks */ = {
			isa = PBXFrameworksBuildPhase;
			buildActionMask = 2147483647;
			files = (
				E842505D4DC8F9B9B21AC32A /* Pods_HeadLines.framework in Frameworks */,
			);
			runOnlyForDeploymentPostprocessing = 0;
		};
		B38B818F2189499F00FA8D9A /* Frameworks */ = {
			isa = PBXFrameworksBuildPhase;
			buildActionMask = 2147483647;
			files = (
			);
			runOnlyForDeploymentPostprocessing = 0;
		};
		B38B819A2189499F00FA8D9A /* Frameworks */ = {
			isa = PBXFrameworksBuildPhase;
			buildActionMask = 2147483647;
			files = (
			);
			runOnlyForDeploymentPostprocessing = 0;
		};
/* End PBXFrameworksBuildPhase section */

/* Begin PBXGroup section */
		87670D021A98298AF135022C /* Frameworks */ = {
			isa = PBXGroup;
			children = (
				EC73ED20EFFF80CE83F31C71 /* Pods_HeadLines.framework */,
				929ACF48D4FA5314CC39647C /* Pods_HeadLinesTests.framework */,
				65446336931D1D77297E560D /* Pods_HeadLinesUITests.framework */,
			);
			name = Frameworks;
			sourceTree = "<group>";
		};
		B359ECAB218A8ADF00249E9F /* Tools */ = {
			isa = PBXGroup;
			children = (
				B359ECCC218AA7D500249E9F /* Extension */,
				B359ECCB218AA7CD00249E9F /* Macro */,
				B359ECC6218AA67700249E9F /* Network */,
			);
			path = Tools;
			sourceTree = "<group>";
		};
		B359ECAC218A8AF400249E9F /* BaseClass */ = {
			isa = PBXGroup;
			children = (
				B359ECB0218A8B4100249E9F /* UINavigationController */,
				B359ECAF218A8B3300249E9F /* UITabbarController */,
				B359ECAD218A8B0500249E9F /* AppDelegate */,
				B359ECB9218A8D9300249E9F /* BaseViewController.swift */,
				B359ECCF218AACEE00249E9F /* Helper.swift */,
			);
			path = BaseClass;
			sourceTree = "<group>";
		};
		B359ECAD218A8B0500249E9F /* AppDelegate */ = {
			isa = PBXGroup;
			children = (
				B38B81812189499C00FA8D9A /* AppDelegate.swift */,
			);
			path = AppDelegate;
			sourceTree = "<group>";
		};
		B359ECAE218A8B1500249E9F /* Main */ = {
			isa = PBXGroup;
			children = (
				B359ECB8218A8D7100249E9F /* Mine */,
				B359ECB7218A8D6600249E9F /* Look */,
				B359ECB6218A8D2F00249E9F /* AddressBook */,
				B359ECB5218A8CFF00249E9F /* Chat */,
			);
			path = Main;
			sourceTree = "<group>";
		};
		B359ECAF218A8B3300249E9F /* UITabbarController */ = {
			isa = PBXGroup;
			children = (
				B359ECB1218A8BAB00249E9F /* BaseTabBarController.swift */,
			);
			path = UITabbarController;
			sourceTree = "<group>";
		};
		B359ECB0218A8B4100249E9F /* UINavigationController */ = {
			isa = PBXGroup;
			children = (
				B359ECB3218A8BC000249E9F /* BaseNavigationController.swift */,
			);
			path = UINavigationController;
			sourceTree = "<group>";
		};
		B359ECB5218A8CFF00249E9F /* Chat */ = {
			isa = PBXGroup;
			children = (
				B359ECBB218A8DD000249E9F /* ConversationListController.swift */,
			);
			path = Chat;
			sourceTree = "<group>";
		};
		B359ECB6218A8D2F00249E9F /* AddressBook */ = {
			isa = PBXGroup;
			children = (
				B359ECBD218A8DEB00249E9F /* AddressBookViewController.swift */,
			);
			path = AddressBook;
			sourceTree = "<group>";
		};
		B359ECB7218A8D6600249E9F /* Look */ = {
			isa = PBXGroup;
			children = (
				B359ECBF218A8DF200249E9F /* LookViewController.swift */,
			);
			path = Look;
			sourceTree = "<group>";
		};
		B359ECB8218A8D7100249E9F /* Mine */ = {
			isa = PBXGroup;
			children = (
				B359ECC1218A8DF900249E9F /* MyViewController.swift */,
			);
			path = Mine;
			sourceTree = "<group>";
		};
		B359ECC6218AA67700249E9F /* Network */ = {
			isa = PBXGroup;
			children = (
				B359ECC9218AA6C800249E9F /* RequestNet.swift */,
			);
			path = Network;
			sourceTree = "<group>";
		};
		B359ECCB218AA7CD00249E9F /* Macro */ = {
			isa = PBXGroup;
			children = (
				B359ECCD218AA7E400249E9F /* Macro.swift */,
			);
			path = Macro;
			sourceTree = "<group>";
		};
		B359ECCC218AA7D500249E9F /* Extension */ = {
			isa = PBXGroup;
			children = (
			);
			path = Extension;
			sourceTree = "<group>";
		};
		B38B81752189499C00FA8D9A = {
			isa = PBXGroup;
			children = (
				B38B81802189499C00FA8D9A /* HeadLines */,
				B38B81952189499F00FA8D9A /* HeadLinesTests */,
				B38B81A02189499F00FA8D9A /* HeadLinesUITests */,
				B38B817F2189499C00FA8D9A /* Products */,
				CE027FCEC398573F8C94F7BF /* Pods */,
				87670D021A98298AF135022C /* Frameworks */,
			);
			sourceTree = "<group>";
		};
		B38B817F2189499C00FA8D9A /* Products */ = {
			isa = PBXGroup;
			children = (
				B38B817E2189499C00FA8D9A /* HeadLines.app */,
				B38B81922189499F00FA8D9A /* HeadLinesTests.xctest */,
				B38B819D2189499F00FA8D9A /* HeadLinesUITests.xctest */,
			);
			name = Products;
			sourceTree = "<group>";
		};
		B38B81802189499C00FA8D9A /* HeadLines */ = {
			isa = PBXGroup;
			children = (
				B359ECAE218A8B1500249E9F /* Main */,
				B359ECAC218A8AF400249E9F /* BaseClass */,
				B359ECAB218A8ADF00249E9F /* Tools */,
				B38B81882189499F00FA8D9A /* Assets.xcassets */,
				B38B818A2189499F00FA8D9A /* LaunchScreen.storyboard */,
				B38B818D2189499F00FA8D9A /* Info.plist */,
			);
			path = HeadLines;
			sourceTree = "<group>";
		};
		B38B81952189499F00FA8D9A /* HeadLinesTests */ = {
			isa = PBXGroup;
			children = (
				B38B81962189499F00FA8D9A /* HeadLinesTests.swift */,
				B38B81982189499F00FA8D9A /* Info.plist */,
			);
			path = HeadLinesTests;
			sourceTree = "<group>";
		};
		B38B81A02189499F00FA8D9A /* HeadLinesUITests */ = {
			isa = PBXGroup;
			children = (
				B38B81A12189499F00FA8D9A /* HeadLinesUITests.swift */,
				B38B81A32189499F00FA8D9A /* Info.plist */,
			);
			path = HeadLinesUITests;
			sourceTree = "<group>";
		};
		CE027FCEC398573F8C94F7BF /* Pods */ = {
			isa = PBXGroup;
			children = (
				370080669073B617E6BA51B8 /* Pods-HeadLines.debug.xcconfig */,
				CAFB31BE5739572650A4C428 /* Pods-HeadLines.release.xcconfig */,
			);
			path = Pods;
			sourceTree = "<group>";
		};
/* End PBXGroup section */

/* Begin PBXNativeTarget section */
		B38B817D2189499C00FA8D9A /* HeadLines */ = {
			isa = PBXNativeTarget;
			buildConfigurationList = B38B81A62189499F00FA8D9A /* Build configuration list for PBXNativeTarget "HeadLines" */;
			buildPhases = (
				0487FEAB1B11C69A3DC2A744 /* [CP] Check Pods Manifest.lock */,
				B38B817A2189499C00FA8D9A /* Sources */,
				B38B817B2189499C00FA8D9A /* Frameworks */,
				B38B817C2189499C00FA8D9A /* Resources */,
				3ED5C02B23DEE07F7A2ECF5F /* [CP] Embed Pods Frameworks */,
			);
			buildRules = (
			);
			dependencies = (
			);
			name = HeadLines;
			productName = HeadLines;
			productReference = B38B817E2189499C00FA8D9A /* HeadLines.app */;
			productType = "com.apple.product-type.application";
		};
		B38B81912189499F00FA8D9A /* HeadLinesTests */ = {
			isa = PBXNativeTarget;
			buildConfigurationList = B38B81A92189499F00FA8D9A /* Build configuration list for PBXNativeTarget "HeadLinesTests" */;
			buildPhases = (
				B38B818E2189499F00FA8D9A /* Sources */,
				B38B818F2189499F00FA8D9A /* Frameworks */,
				B38B81902189499F00FA8D9A /* Resources */,
			);
			buildRules = (
			);
			dependencies = (
				B38B81942189499F00FA8D9A /* PBXTargetDependency */,
			);
			name = HeadLinesTests;
			productName = HeadLinesTests;
			productReference = B38B81922189499F00FA8D9A /* HeadLinesTests.xctest */;
			productType = "com.apple.product-type.bundle.unit-test";
		};
		B38B819C2189499F00FA8D9A /* HeadLinesUITests */ = {
			isa = PBXNativeTarget;
			buildConfigurationList = B38B81AC2189499F00FA8D9A /* Build configuration list for PBXNativeTarget "HeadLinesUITests" */;
			buildPhases = (
				B38B81992189499F00FA8D9A /* Sources */,
				B38B819A2189499F00FA8D9A /* Frameworks */,
				B38B819B2189499F00FA8D9A /* Resources */,
			);
			buildRules = (
			);
			dependencies = (
				B38B819F2189499F00FA8D9A /* PBXTargetDependency */,
			);
			name = HeadLinesUITests;
			productName = HeadLinesUITests;
			productReference = B38B819D2189499F00FA8D9A /* HeadLinesUITests.xctest */;
			productType = "com.apple.product-type.bundle.ui-testing";
		};
/* End PBXNativeTarget section */

/* Begin PBXProject section */
		B38B81762189499C00FA8D9A /* Project object */ = {
			isa = PBXProject;
			attributes = {
				LastSwiftUpdateCheck = 1000;
				LastUpgradeCheck = 1000;
				ORGANIZATIONNAME = SPIC;
				TargetAttributes = {
					B38B817D2189499C00FA8D9A = {
						CreatedOnToolsVersion = 10.0;
					};
					B38B81912189499F00FA8D9A = {
						CreatedOnToolsVersion = 10.0;
						TestTargetID = B38B817D2189499C00FA8D9A;
					};
					B38B819C2189499F00FA8D9A = {
						CreatedOnToolsVersion = 10.0;
						TestTargetID = B38B817D2189499C00FA8D9A;
					};
				};
			};
			buildConfigurationList = B38B81792189499C00FA8D9A /* Build configuration list for PBXProject "HeadLines" */;
			compatibilityVersion = "Xcode 9.3";
			developmentRegion = en;
			hasScannedForEncodings = 0;
			knownRegions = (
				en,
				Base,
			);
			mainGroup = B38B81752189499C00FA8D9A;
			productRefGroup = B38B817F2189499C00FA8D9A /* Products */;
			projectDirPath = "";
			projectRoot = "";
			targets = (
				B38B817D2189499C00FA8D9A /* HeadLines */,
				B38B81912189499F00FA8D9A /* HeadLinesTests */,
				B38B819C2189499F00FA8D9A /* HeadLinesUITests */,
			);
		};
/* End PBXProject section */

/* Begin PBXResourcesBuildPhase section */
		B38B817C2189499C00FA8D9A /* Resources */ = {
			isa = PBXResourcesBuildPhase;
			buildActionMask = 2147483647;
			files = (
				B38B818C2189499F00FA8D9A /* LaunchScreen.storyboard in Resources */,
				B38B81892189499F00FA8D9A /* Assets.xcassets in Resources */,
			);
			runOnlyForDeploymentPostprocessing = 0;
		};
		B38B81902189499F00FA8D9A /* Resources */ = {
			isa = PBXResourcesBuildPhase;
			buildActionMask = 2147483647;
			files = (
			);
			runOnlyForDeploymentPostprocessing = 0;
		};
		B38B819B2189499F00FA8D9A /* Resources */ = {
			isa = PBXResourcesBuildPhase;
			buildActionMask = 2147483647;
			files = (
			);
			runOnlyForDeploymentPostprocessing = 0;
		};
/* End PBXResourcesBuildPhase section */

/* Begin PBXShellScriptBuildPhase section */
		0487FEAB1B11C69A3DC2A744 /* [CP] Check Pods Manifest.lock */ = {
			isa = PBXShellScriptBuildPhase;
			buildActionMask = 2147483647;
			files = (
			);
			inputFileListPaths = (
			);
			inputPaths = (
				"${PODS_PODFILE_DIR_PATH}/Podfile.lock",
				"${PODS_ROOT}/Manifest.lock",
			);
			name = "[CP] Check Pods Manifest.lock";
			outputFileListPaths = (
			);
			outputPaths = (
				"$(DERIVED_FILE_DIR)/Pods-HeadLines-checkManifestLockResult.txt",
			);
			runOnlyForDeploymentPostprocessing = 0;
			shellPath = /bin/sh;
			shellScript = "diff \"${PODS_PODFILE_DIR_PATH}/Podfile.lock\" \"${PODS_ROOT}/Manifest.lock\" > /dev/null\nif [ $? != 0 ] ; then\n    # print error to STDERR\n    echo \"error: The sandbox is not in sync with the Podfile.lock. Run 'pod install' or update your CocoaPods installation.\" >&2\n    exit 1\nfi\n# This output is used by Xcode 'outputs' to avoid re-running this script phase.\necho \"SUCCESS\" > \"${SCRIPT_OUTPUT_FILE_0}\"\n";
			showEnvVarsInLog = 0;
		};
		3ED5C02B23DEE07F7A2ECF5F /* [CP] Embed Pods Frameworks */ = {
			isa = PBXShellScriptBuildPhase;
			buildActionMask = 2147483647;
			files = (
			);
			inputFileListPaths = (
			);
			inputPaths = (
				"${PODS_ROOT}/Target Support Files/Pods-HeadLines/Pods-HeadLines-frameworks.sh",
				"${BUILT_PRODUCTS_DIR}/Alamofire/Alamofire.framework",
				"${BUILT_PRODUCTS_DIR}/BMPlayer/BMPlayer.framework",
				"${BUILT_PRODUCTS_DIR}/CYLTabBarController/CYLTabBarController.framework",
				"${BUILT_PRODUCTS_DIR}/EmptyDataSet-Swift/EmptyDataSet_Swift.framework",
				"${BUILT_PRODUCTS_DIR}/FDFullscreenPopGesture/FDFullscreenPopGesture.framework",
				"${BUILT_PRODUCTS_DIR}/HMSegmentedControl/HMSegmentedControl.framework",
				"${BUILT_PRODUCTS_DIR}/HandyJSON/HandyJSON.framework",
				"${BUILT_PRODUCTS_DIR}/IBAnimatable/IBAnimatable.framework",
				"${BUILT_PRODUCTS_DIR}/IQKeyboardManagerSwift/IQKeyboardManagerSwift.framework",
				"${BUILT_PRODUCTS_DIR}/Kingfisher/Kingfisher.framework",
				"${BUILT_PRODUCTS_DIR}/MBProgressHUD/MBProgressHUD.framework",
				"${BUILT_PRODUCTS_DIR}/MJRefresh/MJRefresh.framework",
				"${BUILT_PRODUCTS_DIR}/Moya/Moya.framework",
				"${BUILT_PRODUCTS_DIR}/NVActivityIndicatorView/NVActivityIndicatorView.framework",
				"${BUILT_PRODUCTS_DIR}/Result/Result.framework",
				"${BUILT_PRODUCTS_DIR}/Reusable/Reusable.framework",
				"${BUILT_PRODUCTS_DIR}/RxCocoa/RxCocoa.framework",
				"${BUILT_PRODUCTS_DIR}/RxSwift/RxSwift.framework",
				"${BUILT_PRODUCTS_DIR}/SGPagingView/SGPagingView.framework",
				"${BUILT_PRODUCTS_DIR}/SQLite.swift/SQLite.framework",
				"${BUILT_PRODUCTS_DIR}/SnapKit/SnapKit.framework",
				"${BUILT_PRODUCTS_DIR}/SwiftTheme/SwiftTheme.framework",
				"${BUILT_PRODUCTS_DIR}/Then/Then.framework",
				"${BUILT_PRODUCTS_DIR}/lottie-ios/Lottie.framework",
			);
			name = "[CP] Embed Pods Frameworks";
			outputFileListPaths = (
			);
			outputPaths = (
				"${TARGET_BUILD_DIR}/${FRAMEWORKS_FOLDER_PATH}/Alamofire.framework",
				"${TARGET_BUILD_DIR}/${FRAMEWORKS_FOLDER_PATH}/BMPlayer.framework",
				"${TARGET_BUILD_DIR}/${FRAMEWORKS_FOLDER_PATH}/CYLTabBarController.framework",
				"${TARGET_BUILD_DIR}/${FRAMEWORKS_FOLDER_PATH}/EmptyDataSet_Swift.framework",
				"${TARGET_BUILD_DIR}/${FRAMEWORKS_FOLDER_PATH}/FDFullscreenPopGesture.framework",
				"${TARGET_BUILD_DIR}/${FRAMEWORKS_FOLDER_PATH}/HMSegmentedControl.framework",
				"${TARGET_BUILD_DIR}/${FRAMEWORKS_FOLDER_PATH}/HandyJSON.framework",
				"${TARGET_BUILD_DIR}/${FRAMEWORKS_FOLDER_PATH}/IBAnimatable.framework",
				"${TARGET_BUILD_DIR}/${FRAMEWORKS_FOLDER_PATH}/IQKeyboardManagerSwift.framework",
				"${TARGET_BUILD_DIR}/${FRAMEWORKS_FOLDER_PATH}/Kingfisher.framework",
				"${TARGET_BUILD_DIR}/${FRAMEWORKS_FOLDER_PATH}/MBProgressHUD.framework",
				"${TARGET_BUILD_DIR}/${FRAMEWORKS_FOLDER_PATH}/MJRefresh.framework",
				"${TARGET_BUILD_DIR}/${FRAMEWORKS_FOLDER_PATH}/Moya.framework",
				"${TARGET_BUILD_DIR}/${FRAMEWORKS_FOLDER_PATH}/NVActivityIndicatorView.framework",
				"${TARGET_BUILD_DIR}/${FRAMEWORKS_FOLDER_PATH}/Result.framework",
				"${TARGET_BUILD_DIR}/${FRAMEWORKS_FOLDER_PATH}/Reusable.framework",
				"${TARGET_BUILD_DIR}/${FRAMEWORKS_FOLDER_PATH}/RxCocoa.framework",
				"${TARGET_BUILD_DIR}/${FRAMEWORKS_FOLDER_PATH}/RxSwift.framework",
				"${TARGET_BUILD_DIR}/${FRAMEWORKS_FOLDER_PATH}/SGPagingView.framework",
				"${TARGET_BUILD_DIR}/${FRAMEWORKS_FOLDER_PATH}/SQLite.framework",
				"${TARGET_BUILD_DIR}/${FRAMEWORKS_FOLDER_PATH}/SnapKit.framework",
				"${TARGET_BUILD_DIR}/${FRAMEWORKS_FOLDER_PATH}/SwiftTheme.framework",
				"${TARGET_BUILD_DIR}/${FRAMEWORKS_FOLDER_PATH}/Then.framework",
				"${TARGET_BUILD_DIR}/${FRAMEWORKS_FOLDER_PATH}/Lottie.framework",
			);
			runOnlyForDeploymentPostprocessing = 0;
			shellPath = /bin/sh;
			shellScript = "\"${PODS_ROOT}/Target Support Files/Pods-HeadLines/Pods-HeadLines-frameworks.sh\"\n";
			showEnvVarsInLog = 0;
		};
/* End PBXShellScriptBuildPhase section */

/* Begin PBXSourcesBuildPhase section */
		B38B817A2189499C00FA8D9A /* Sources */ = {
			isa = PBXSourcesBuildPhase;
			buildActionMask = 2147483647;
			files = (
				B359ECD0218AACEE00249E9F /* Helper.swift in Sources */,
				B359ECBE218A8DEB00249E9F /* AddressBookViewController.swift in Sources */,
				B359ECBC218A8DD000249E9F /* ConversationListController.swift in Sources */,
				B359ECB2218A8BAB00249E9F /* BaseTabBarController.swift in Sources */,
				B359ECBA218A8D9300249E9F /* BaseViewController.swift in Sources */,
				B38B81822189499C00FA8D9A /* AppDelegate.swift in Sources */,
				B359ECCE218AA7E400249E9F /* Macro.swift in Sources */,
				B359ECCA218AA6C800249E9F /* RequestNet.swift in Sources */,
				B359ECB4218A8BC000249E9F /* BaseNavigationController.swift in Sources */,
				B359ECC2218A8DF900249E9F /* MyViewController.swift in Sources */,
				B359ECC0218A8DF200249E9F /* LookViewController.swift in Sources */,
			);
			runOnlyForDeploymentPostprocessing = 0;
		};
		B38B818E2189499F00FA8D9A /* Sources */ = {
			isa = PBXSourcesBuildPhase;
			buildActionMask = 2147483647;
			files = (
				B38B81972189499F00FA8D9A /* HeadLinesTests.swift in Sources */,
			);
			runOnlyForDeploymentPostprocessing = 0;
		};
		B38B81992189499F00FA8D9A /* Sources */ = {
			isa = PBXSourcesBuildPhase;
			buildActionMask = 2147483647;
			files = (
				B38B81A22189499F00FA8D9A /* HeadLinesUITests.swift in Sources */,
			);
			runOnlyForDeploymentPostprocessing = 0;
		};
/* End PBXSourcesBuildPhase section */

/* Begin PBXTargetDependency section */
		B38B81942189499F00FA8D9A /* PBXTargetDependency */ = {
			isa = PBXTargetDependency;
			target = B38B817D2189499C00FA8D9A /* HeadLines */;
			targetProxy = B38B81932189499F00FA8D9A /* PBXContainerItemProxy */;
		};
		B38B819F2189499F00FA8D9A /* PBXTargetDependency */ = {
			isa = PBXTargetDependency;
			target = B38B817D2189499C00FA8D9A /* HeadLines */;
			targetProxy = B38B819E2189499F00FA8D9A /* PBXContainerItemProxy */;
		};
/* End PBXTargetDependency section */

/* Begin PBXVariantGroup section */
		B38B818A2189499F00FA8D9A /* LaunchScreen.storyboard */ = {
			isa = PBXVariantGroup;
			children = (
				B38B818B2189499F00FA8D9A /* Base */,
			);
			name = LaunchScreen.storyboard;
			sourceTree = "<group>";
		};
/* End PBXVariantGroup section */

/* Begin XCBuildConfiguration section */
		B38B81A42189499F00FA8D9A /* Debug */ = {
			isa = XCBuildConfiguration;
			buildSettings = {
				ALWAYS_SEARCH_USER_PATHS = NO;
				CLANG_ANALYZER_NONNULL = YES;
				CLANG_ANALYZER_NUMBER_OBJECT_CONVERSION = YES_AGGRESSIVE;
				CLANG_CXX_LANGUAGE_STANDARD = "gnu++14";
				CLANG_CXX_LIBRARY = "libc++";
				CLANG_ENABLE_MODULES = YES;
				CLANG_ENABLE_OBJC_ARC = YES;
				CLANG_ENABLE_OBJC_WEAK = YES;
				CLANG_WARN_BLOCK_CAPTURE_AUTORELEASING = YES;
				CLANG_WARN_BOOL_CONVERSION = YES;
				CLANG_WARN_COMMA = YES;
				CLANG_WARN_CONSTANT_CONVERSION = YES;
				CLANG_WARN_DEPRECATED_OBJC_IMPLEMENTATIONS = YES;
				CLANG_WARN_DIRECT_OBJC_ISA_USAGE = YES_ERROR;
				CLANG_WARN_DOCUMENTATION_COMMENTS = YES;
				CLANG_WARN_EMPTY_BODY = YES;
				CLANG_WARN_ENUM_CONVERSION = YES;
				CLANG_WARN_INFINITE_RECURSION = YES;
				CLANG_WARN_INT_CONVERSION = YES;
				CLANG_WARN_NON_LITERAL_NULL_CONVERSION = YES;
				CLANG_WARN_OBJC_IMPLICIT_RETAIN_SELF = YES;
				CLANG_WARN_OBJC_LITERAL_CONVERSION = YES;
				CLANG_WARN_OBJC_ROOT_CLASS = YES_ERROR;
				CLANG_WARN_RANGE_LOOP_ANALYSIS = YES;
				CLANG_WARN_STRICT_PROTOTYPES = YES;
				CLANG_WARN_SUSPICIOUS_MOVE = YES;
				CLANG_WARN_UNGUARDED_AVAILABILITY = YES_AGGRESSIVE;
				CLANG_WARN_UNREACHABLE_CODE = YES;
				CLANG_WARN__DUPLICATE_METHOD_MATCH = YES;
				CODE_SIGN_IDENTITY = "iPhone Developer";
				COPY_PHASE_STRIP = NO;
				DEBUG_INFORMATION_FORMAT = dwarf;
				ENABLE_STRICT_OBJC_MSGSEND = YES;
				ENABLE_TESTABILITY = YES;
				GCC_C_LANGUAGE_STANDARD = gnu11;
				GCC_DYNAMIC_NO_PIC = NO;
				GCC_NO_COMMON_BLOCKS = YES;
				GCC_OPTIMIZATION_LEVEL = 0;
				GCC_PREPROCESSOR_DEFINITIONS = (
					"DEBUG=1",
					"$(inherited)",
				);
				GCC_WARN_64_TO_32_BIT_CONVERSION = YES;
				GCC_WARN_ABOUT_RETURN_TYPE = YES_ERROR;
				GCC_WARN_UNDECLARED_SELECTOR = YES;
				GCC_WARN_UNINITIALIZED_AUTOS = YES_AGGRESSIVE;
				GCC_WARN_UNUSED_FUNCTION = YES;
				GCC_WARN_UNUSED_VARIABLE = YES;
				IPHONEOS_DEPLOYMENT_TARGET = 12.0;
				MTL_ENABLE_DEBUG_INFO = INCLUDE_SOURCE;
				MTL_FAST_MATH = YES;
				ONLY_ACTIVE_ARCH = YES;
				SDKROOT = iphoneos;
				SWIFT_ACTIVE_COMPILATION_CONDITIONS = DEBUG;
				SWIFT_OPTIMIZATION_LEVEL = "-Onone";
			};
			name = Debug;
		};
		B38B81A52189499F00FA8D9A /* Release */ = {
			isa = XCBuildConfiguration;
			buildSettings = {
				ALWAYS_SEARCH_USER_PATHS = NO;
				CLANG_ANALYZER_NONNULL = YES;
				CLANG_ANALYZER_NUMBER_OBJECT_CONVERSION = YES_AGGRESSIVE;
				CLANG_CXX_LANGUAGE_STANDARD = "gnu++14";
				CLANG_CXX_LIBRARY = "libc++";
				CLANG_ENABLE_MODULES = YES;
				CLANG_ENABLE_OBJC_ARC = YES;
				CLANG_ENABLE_OBJC_WEAK = YES;
				CLANG_WARN_BLOCK_CAPTURE_AUTORELEASING = YES;
				CLANG_WARN_BOOL_CONVERSION = YES;
				CLANG_WARN_COMMA = YES;
				CLANG_WARN_CONSTANT_CONVERSION = YES;
				CLANG_WARN_DEPRECATED_OBJC_IMPLEMENTATIONS = YES;
				CLANG_WARN_DIRECT_OBJC_ISA_USAGE = YES_ERROR;
				CLANG_WARN_DOCUMENTATION_COMMENTS = YES;
				CLANG_WARN_EMPTY_BODY = YES;
				CLANG_WARN_ENUM_CONVERSION = YES;
				CLANG_WARN_INFINITE_RECURSION = YES;
				CLANG_WARN_INT_CONVERSION = YES;
				CLANG_WARN_NON_LITERAL_NULL_CONVERSION = YES;
				CLANG_WARN_OBJC_IMPLICIT_RETAIN_SELF = YES;
				CLANG_WARN_OBJC_LITERAL_CONVERSION = YES;
				CLANG_WARN_OBJC_ROOT_CLASS = YES_ERROR;
				CLANG_WARN_RANGE_LOOP_ANALYSIS = YES;
				CLANG_WARN_STRICT_PROTOTYPES = YES;
				CLANG_WARN_SUSPICIOUS_MOVE = YES;
				CLANG_WARN_UNGUARDED_AVAILABILITY = YES_AGGRESSIVE;
				CLANG_WARN_UNREACHABLE_CODE = YES;
				CLANG_WARN__DUPLICATE_METHOD_MATCH = YES;
				CODE_SIGN_IDENTITY = "iPhone Developer";
				COPY_PHASE_STRIP = NO;
				DEBUG_INFORMATION_FORMAT = "dwarf-with-dsym";
				ENABLE_NS_ASSERTIONS = NO;
				ENABLE_STRICT_OBJC_MSGSEND = YES;
				GCC_C_LANGUAGE_STANDARD = gnu11;
				GCC_NO_COMMON_BLOCKS = YES;
				GCC_WARN_64_TO_32_BIT_CONVERSION = YES;
				GCC_WARN_ABOUT_RETURN_TYPE = YES_ERROR;
				GCC_WARN_UNDECLARED_SELECTOR = YES;
				GCC_WARN_UNINITIALIZED_AUTOS = YES_AGGRESSIVE;
				GCC_WARN_UNUSED_FUNCTION = YES;
				GCC_WARN_UNUSED_VARIABLE = YES;
				IPHONEOS_DEPLOYMENT_TARGET = 12.0;
				MTL_ENABLE_DEBUG_INFO = NO;
				MTL_FAST_MATH = YES;
				SDKROOT = iphoneos;
				SWIFT_COMPILATION_MODE = wholemodule;
				SWIFT_OPTIMIZATION_LEVEL = "-O";
				VALIDATE_PRODUCT = YES;
			};
			name = Release;
		};
		B38B81A72189499F00FA8D9A /* Debug */ = {
			isa = XCBuildConfiguration;
			baseConfigurationReference = 370080669073B617E6BA51B8 /* Pods-HeadLines.debug.xcconfig */;
			buildSettings = {
				ASSETCATALOG_COMPILER_APPICON_NAME = AppIcon;
				CODE_SIGN_STYLE = Automatic;
				DEVELOPMENT_TEAM = 27JV59WYGX;
				ENABLE_BITCODE = NO;
				HEADER_SEARCH_PATHS = "$(inherited)";
				INFOPLIST_FILE = HeadLines/Info.plist;
				IPHONEOS_DEPLOYMENT_TARGET = 9.0;
				LD_RUNPATH_SEARCH_PATHS = (
					"$(inherited)",
					"@executable_path/Frameworks",
				);
				PRODUCT_BUNDLE_IDENTIFIER = com.spic.HeadLines;
				PRODUCT_NAME = "$(TARGET_NAME)";
				SWIFT_ENABLE_BATCH_MODE = NO;
				SWIFT_VERSION = 4.2;
				TARGETED_DEVICE_FAMILY = "1,2";
			};
			name = Debug;
		};
		B38B81A82189499F00FA8D9A /* Release */ = {
			isa = XCBuildConfiguration;
			baseConfigurationReference = CAFB31BE5739572650A4C428 /* Pods-HeadLines.release.xcconfig */;
			buildSettings = {
				ASSETCATALOG_COMPILER_APPICON_NAME = AppIcon;
				CODE_SIGN_STYLE = Automatic;
				DEVELOPMENT_TEAM = 27JV59WYGX;
				ENABLE_BITCODE = NO;
				HEADER_SEARCH_PATHS = "$(inherited)";
				INFOPLIST_FILE = HeadLines/Info.plist;
				IPHONEOS_DEPLOYMENT_TARGET = 9.0;
				LD_RUNPATH_SEARCH_PATHS = (
					"$(inherited)",
					"@executable_path/Frameworks",
				);
				PRODUCT_BUNDLE_IDENTIFIER = com.spic.HeadLines;
				PRODUCT_NAME = "$(TARGET_NAME)";
				SWIFT_ENABLE_BATCH_MODE = NO;
				SWIFT_VERSION = 4.2;
				TARGETED_DEVICE_FAMILY = "1,2";
			};
			name = Release;
		};
		B38B81AA2189499F00FA8D9A /* Debug */ = {
			isa = XCBuildConfiguration;
			buildSettings = {
				ALWAYS_EMBED_SWIFT_STANDARD_LIBRARIES = YES;
				BUNDLE_LOADER = "$(TEST_HOST)";
				CODE_SIGN_STYLE = Automatic;
				DEVELOPMENT_TEAM = 27JV59WYGX;
				INFOPLIST_FILE = HeadLinesTests/Info.plist;
				LD_RUNPATH_SEARCH_PATHS = (
					"$(inherited)",
					"@executable_path/Frameworks",
					"@loader_path/Frameworks",
				);
				PRODUCT_BUNDLE_IDENTIFIER = com.spic.HeadLinesTests;
				PRODUCT_NAME = "$(TARGET_NAME)";
				SWIFT_VERSION = 4.2;
				TARGETED_DEVICE_FAMILY = "1,2";
				TEST_HOST = "$(BUILT_PRODUCTS_DIR)/HeadLines.app/HeadLines";
			};
			name = Debug;
		};
		B38B81AB2189499F00FA8D9A /* Release */ = {
			isa = XCBuildConfiguration;
			buildSettings = {
				ALWAYS_EMBED_SWIFT_STANDARD_LIBRARIES = YES;
				BUNDLE_LOADER = "$(TEST_HOST)";
				CODE_SIGN_STYLE = Automatic;
				DEVELOPMENT_TEAM = 27JV59WYGX;
				INFOPLIST_FILE = HeadLinesTests/Info.plist;
				LD_RUNPATH_SEARCH_PATHS = (
					"$(inherited)",
					"@executable_path/Frameworks",
					"@loader_path/Frameworks",
				);
				PRODUCT_BUNDLE_IDENTIFIER = com.spic.HeadLinesTests;
				PRODUCT_NAME = "$(TARGET_NAME)";
				SWIFT_VERSION = 4.2;
				TARGETED_DEVICE_FAMILY = "1,2";
				TEST_HOST = "$(BUILT_PRODUCTS_DIR)/HeadLines.app/HeadLines";
			};
			name = Release;
		};
		B38B81AD2189499F00FA8D9A /* Debug */ = {
			isa = XCBuildConfiguration;
			buildSettings = {
				ALWAYS_EMBED_SWIFT_STANDARD_LIBRARIES = YES;
				CODE_SIGN_STYLE = Automatic;
				DEVELOPMENT_TEAM = 27JV59WYGX;
				INFOPLIST_FILE = HeadLinesUITests/Info.plist;
				LD_RUNPATH_SEARCH_PATHS = (
					"$(inherited)",
					"@executable_path/Frameworks",
					"@loader_path/Frameworks",
				);
				PRODUCT_BUNDLE_IDENTIFIER = com.spic.HeadLinesUITests;
				PRODUCT_NAME = "$(TARGET_NAME)";
				SWIFT_VERSION = 4.2;
				TARGETED_DEVICE_FAMILY = "1,2";
				TEST_TARGET_NAME = HeadLines;
			};
			name = Debug;
		};
		B38B81AE2189499F00FA8D9A /* Release */ = {
			isa = XCBuildConfiguration;
			buildSettings = {
				ALWAYS_EMBED_SWIFT_STANDARD_LIBRARIES = YES;
				CODE_SIGN_STYLE = Automatic;
				DEVELOPMENT_TEAM = 27JV59WYGX;
				INFOPLIST_FILE = HeadLinesUITests/Info.plist;
				LD_RUNPATH_SEARCH_PATHS = (
					"$(inherited)",
					"@executable_path/Frameworks",
					"@loader_path/Frameworks",
				);
				PRODUCT_BUNDLE_IDENTIFIER = com.spic.HeadLinesUITests;
				PRODUCT_NAME = "$(TARGET_NAME)";
				SWIFT_VERSION = 4.2;
				TARGETED_DEVICE_FAMILY = "1,2";
				TEST_TARGET_NAME = HeadLines;
			};
			name = Release;
		};
/* End XCBuildConfiguration section */

/* Begin XCConfigurationList section */
		B38B81792189499C00FA8D9A /* Build configuration list for PBXProject "HeadLines" */ = {
			isa = XCConfigurationList;
			buildConfigurations = (
				B38B81A42189499F00FA8D9A /* Debug */,
				B38B81A52189499F00FA8D9A /* Release */,
			);
			defaultConfigurationIsVisible = 0;
			defaultConfigurationName = Release;
		};
		B38B81A62189499F00FA8D9A /* Build configuration list for PBXNativeTarget "HeadLines" */ = {
			isa = XCConfigurationList;
			buildConfigurations = (
				B38B81A72189499F00FA8D9A /* Debug */,
				B38B81A82189499F00FA8D9A /* Release */,
			);
			defaultConfigurationIsVisible = 0;
			defaultConfigurationName = Release;
		};
		B38B81A92189499F00FA8D9A /* Build configuration list for PBXNativeTarget "HeadLinesTests" */ = {
			isa = XCConfigurationList;
			buildConfigurations = (
				B38B81AA2189499F00FA8D9A /* Debug */,
				B38B81AB2189499F00FA8D9A /* Release */,
			);
			defaultConfigurationIsVisible = 0;
			defaultConfigurationName = Release;
		};
		B38B81AC2189499F00FA8D9A /* Build configuration list for PBXNativeTarget "HeadLinesUITests" */ = {
			isa = XCConfigurationList;
			buildConfigurations = (
				B38B81AD2189499F00FA8D9A /* Debug */,
				B38B81AE2189499F00FA8D9A /* Release */,
			);
			defaultConfigurationIsVisible = 0;
			defaultConfigurationName = Release;
		};
/* End XCConfigurationList section */
	};
	rootObject = B38B81762189499C00FA8D9A /* Project object */;
}
